
Microsoft Visual Studio Solution File, Format Version 12.00
# Visual Studio Version 16
VisualStudioVersion = 16.0.30907.101
MinimumVisualStudioVersion = 10.0.40219.1
Project("{FAE04EC0-301F-11D3-BF4B-00C04F79EFBC}") = "Tutorials", "Tutorials.csproj", "{AD8F1EE8-AE98-4585-A318-465553A18559}"
EndProject
Global
	GlobalSection(SolutionConfigurationPlatforms) = preSolution
		Debug|Any CPU = Debug|Any CPU
		Release|Any CPU = Release|Any CPU
	EndGlobalSection
	GlobalSection(ProjectConfigurationPlatforms) = postSolution
		{AD8F1EE8-AE98-4585-A318-465553A18559}.Debug|Any CPU.ActiveCfg = Debug|Any CPU
		{AD8F1EE8-AE98-4585-A318-465553A18559}.Debug|Any CPU.Build.0 = Debug|Any CPU
		{AD8F1EE8-AE98-4585-A318-465553A18559}.Release|Any CPU.ActiveCfg = Release|Any CPU
		{AD8F1EE8-AE98-4585-A318-465553A18559}.Release|Any CPU.Build.0 = Release|Any CPU
	EndGlobalSection
	GlobalSection(SolutionProperties) = preSolution
		HideSolutionNode = FALSE
	EndGlobalSection
	GlobalSection(ExtensibilityGlobals) = postSolution
		SolutionGuid = {BB6D7258-B152-4DB9-99CF-02A823FB9BDE}
	EndGlobalSection
EndGlobal
